// !$*UTF8*$!
{
	archiveVersion = 1;
	classes = {
	};
	objectVersion = 46;
	objects = {

/* Begin PBXBuildFile section */
		4F079CD31D84559200D08DA0 /* TABResourceLoader.h in Headers */ = {isa = PBXBuildFile; fileRef = 4F079CD21D84559100D08DA0 /* TABResourceLoader.h */; settings = {ATTRIBUTES = (Public, ); }; };
		4F079CDA1D84559200D08DA0 /* TABResourceLoader.framework in Frameworks */ = {isa = PBXBuildFile; fileRef = 4F079CCF1D84559100D08DA0 /* TABResourceLoader.framework */; };
		4F079D281D84577E00D08DA0 /* BaseAsynchronousOperation.swift in Sources */ = {isa = PBXBuildFile; fileRef = 4F079D1C1D84577E00D08DA0 /* BaseAsynchronousOperation.swift */; };
		4F079D2A1D84577E00D08DA0 /* DataResourceType.swift in Sources */ = {isa = PBXBuildFile; fileRef = 4F079D1F1D84577E00D08DA0 /* DataResourceType.swift */; };
		4F079D2B1D84577E00D08DA0 /* ImageResourceType.swift in Sources */ = {isa = PBXBuildFile; fileRef = 4F079D201D84577E00D08DA0 /* ImageResourceType.swift */; };
		4F079D2C1D84577E00D08DA0 /* JSONParsingError.swift in Sources */ = {isa = PBXBuildFile; fileRef = 4F079D211D84577E00D08DA0 /* JSONParsingError.swift */; };
		4F079D2D1D84577E00D08DA0 /* NetworkResourceType.swift in Sources */ = {isa = PBXBuildFile; fileRef = 4F079D221D84577E00D08DA0 /* NetworkResourceType.swift */; };
		4F079D2F1D84577E00D08DA0 /* ResourceServiceType.swift in Sources */ = {isa = PBXBuildFile; fileRef = 4F079D241D84577E00D08DA0 /* ResourceServiceType.swift */; };
		4F079D301D84577E00D08DA0 /* NetworkDataResourceService.swift in Sources */ = {isa = PBXBuildFile; fileRef = 4F079D261D84577E00D08DA0 /* NetworkDataResourceService.swift */; };
		4F079D311D84577E00D08DA0 /* URLSessionType.swift in Sources */ = {isa = PBXBuildFile; fileRef = 4F079D271D84577E00D08DA0 /* URLSessionType.swift */; };
		4F079D371D84585E00D08DA0 /* NSThread+Additions.swift in Sources */ = {isa = PBXBuildFile; fileRef = 4F079D361D84585E00D08DA0 /* NSThread+Additions.swift */; };
		4F079D3C1D8458E800D08DA0 /* NetworkImageResource.swift in Sources */ = {isa = PBXBuildFile; fileRef = 4F079D3B1D8458E800D08DA0 /* NetworkImageResource.swift */; };
		4F079D651D8459D400D08DA0 /* XCTestCase+Additions.swift in Sources */ = {isa = PBXBuildFile; fileRef = 4F079D3F1D84599300D08DA0 /* XCTestCase+Additions.swift */; };
		4F079D671D8459D400D08DA0 /* MockJSONArrayResourceType.swift in Sources */ = {isa = PBXBuildFile; fileRef = 4F079D421D84599300D08DA0 /* MockJSONArrayResourceType.swift */; };
		4F079D681D8459D400D08DA0 /* MockJSONDictionaryResourceType.swift in Sources */ = {isa = PBXBuildFile; fileRef = 4F079D431D84599300D08DA0 /* MockJSONDictionaryResourceType.swift */; };
		4F079D6A1D8459D400D08DA0 /* MockNilURLRequestNetworkJSONResource.swift in Sources */ = {isa = PBXBuildFile; fileRef = 4F079D451D84599300D08DA0 /* MockNilURLRequestNetworkJSONResource.swift */; };
		4F079D6B1D8459D400D08DA0 /* MockObject.swift in Sources */ = {isa = PBXBuildFile; fileRef = 4F079D461D84599300D08DA0 /* MockObject.swift */; };
		4F079D6C1D8459D400D08DA0 /* MockResource.swift in Sources */ = {isa = PBXBuildFile; fileRef = 4F079D471D84599300D08DA0 /* MockResource.swift */; };
		4F079D6D1D8459D400D08DA0 /* MockResourceService.swift in Sources */ = {isa = PBXBuildFile; fileRef = 4F079D481D84599300D08DA0 /* MockResourceService.swift */; };
		4F079D6E1D8459D400D08DA0 /* MockURLSession.swift in Sources */ = {isa = PBXBuildFile; fileRef = 4F079D491D84599300D08DA0 /* MockURLSession.swift */; };
		4F079D6F1D8459D400D08DA0 /* ResourceOperationTests.swift in Sources */ = {isa = PBXBuildFile; fileRef = 4F079D4B1D84599300D08DA0 /* ResourceOperationTests.swift */; };
		4F079D701D8459D400D08DA0 /* ImageResourceTypeTests.swift in Sources */ = {isa = PBXBuildFile; fileRef = 4F079D4D1D84599300D08DA0 /* ImageResourceTypeTests.swift */; };
		4F079D721D8459D400D08DA0 /* NetworkResourceTypeTests.swift in Sources */ = {isa = PBXBuildFile; fileRef = 4F079D4F1D84599300D08DA0 /* NetworkResourceTypeTests.swift */; };
		4F079D741D8459D400D08DA0 /* NetworkDataResourceServiceTests.swift in Sources */ = {isa = PBXBuildFile; fileRef = 4F079D521D84599300D08DA0 /* NetworkDataResourceServiceTests.swift */; };
		4F079D7A1D84652200D08DA0 /* ImageMocker.swift in Sources */ = {isa = PBXBuildFile; fileRef = 4F079D781D84650800D08DA0 /* ImageMocker.swift */; };
		4F079D7B1D846DD400D08DA0 /* SubclassedNetworkDataResourceServiceTests.swift in Sources */ = {isa = PBXBuildFile; fileRef = 4F079D531D84599300D08DA0 /* SubclassedNetworkDataResourceServiceTests.swift */; };
		4F26D6621E5224D400F22BAB /* MockCancellable.swift in Sources */ = {isa = PBXBuildFile; fileRef = 4F26D6601E52245500F22BAB /* MockCancellable.swift */; };
		4F36C0B01D9D529600CDFD21 /* JSONDictionaryResourceType.swift in Sources */ = {isa = PBXBuildFile; fileRef = 4F36C0AF1D9D529600CDFD21 /* JSONDictionaryResourceType.swift */; };
		4F36C0B21D9D52A700CDFD21 /* JSONArrayResourceType.swift in Sources */ = {isa = PBXBuildFile; fileRef = 4F36C0B11D9D52A700CDFD21 /* JSONArrayResourceType.swift */; };
		4F36C0B51D9D5AE400CDFD21 /* JSONDictionaryResourceTypeTests.swift in Sources */ = {isa = PBXBuildFile; fileRef = 4F36C0B31D9D5ABE00CDFD21 /* JSONDictionaryResourceTypeTests.swift */; };
		4F36C0B81D9D5BD200CDFD21 /* JSONArrayResourceTypeTests.swift in Sources */ = {isa = PBXBuildFile; fileRef = 4F36C0B61D9D5B7E00CDFD21 /* JSONArrayResourceTypeTests.swift */; };
		4F6CDC191E5AF5B7001BF320 /* GlobalFunctionsTests.swift in Sources */ = {isa = PBXBuildFile; fileRef = 4F6CDC181E5AF5B7001BF320 /* GlobalFunctionsTests.swift */; };
		4F782C641DA2B09900179638 /* NetworkJSONDictionaryResourceTypeTests.swift in Sources */ = {isa = PBXBuildFile; fileRef = 4F782C621DA2B08600179638 /* NetworkJSONDictionaryResourceTypeTests.swift */; };
		4F782C661DA2B10B00179638 /* NetworkJSONArrayResourceTypeTests.swift in Sources */ = {isa = PBXBuildFile; fileRef = 4F782C651DA2B10B00179638 /* NetworkJSONArrayResourceTypeTests.swift */; };
		4F88C6971D88A122002CAEA2 /* Result.swift in Sources */ = {isa = PBXBuildFile; fileRef = 4F079D341D8457FF00D08DA0 /* Result.swift */; };
		4F8D1FBD1D8DFFD40099DD9A /* AppDelegate.swift in Sources */ = {isa = PBXBuildFile; fileRef = 4F8D1FBC1D8DFFD40099DD9A /* AppDelegate.swift */; };
		4F8D1FBF1D8DFFD40099DD9A /* ViewController.swift in Sources */ = {isa = PBXBuildFile; fileRef = 4F8D1FBE1D8DFFD40099DD9A /* ViewController.swift */; };
		4F8D1FC21D8DFFD40099DD9A /* Main.storyboard in Resources */ = {isa = PBXBuildFile; fileRef = 4F8D1FC01D8DFFD40099DD9A /* Main.storyboard */; };
		4F8D1FC41D8DFFD40099DD9A /* Assets.xcassets in Resources */ = {isa = PBXBuildFile; fileRef = 4F8D1FC31D8DFFD40099DD9A /* Assets.xcassets */; };
		4F8D1FC71D8DFFD40099DD9A /* LaunchScreen.storyboard in Resources */ = {isa = PBXBuildFile; fileRef = 4F8D1FC51D8DFFD40099DD9A /* LaunchScreen.storyboard */; };
		4F8D1FD21D8E00040099DD9A /* america.json in Resources */ = {isa = PBXBuildFile; fileRef = 4F8D1FCC1D8E00040099DD9A /* america.json */; };
		4F8D1FD41D8E00040099DD9A /* europe.json in Resources */ = {isa = PBXBuildFile; fileRef = 4F8D1FCE1D8E00040099DD9A /* europe.json */; };
		4F8D1FD51D8E00040099DD9A /* CitiesResource.swift in Sources */ = {isa = PBXBuildFile; fileRef = 4F8D1FD01D8E00040099DD9A /* CitiesResource.swift */; };
		4F8D1FD61D8E00040099DD9A /* City.swift in Sources */ = {isa = PBXBuildFile; fileRef = 4F8D1FD11D8E00040099DD9A /* City.swift */; };
		4F8D1FD71D8E00560099DD9A /* TABResourceLoader.framework in Frameworks */ = {isa = PBXBuildFile; fileRef = 4F079CCF1D84559100D08DA0 /* TABResourceLoader.framework */; };
		4FB4D6D51D8476B000A7D1B8 /* ResourceOperation.swift in Sources */ = {isa = PBXBuildFile; fileRef = 4F079D1D1D84577E00D08DA0 /* ResourceOperation.swift */; };
		4FBC07461E4F66E500D14EBA /* GlobalFunctions.swift in Sources */ = {isa = PBXBuildFile; fileRef = 4FBC07451E4F66E500D14EBA /* GlobalFunctions.swift */; };
		4FBC07481E4F67F200D14EBA /* NetworkResponseHandler.swift in Sources */ = {isa = PBXBuildFile; fileRef = 4FBC07471E4F67F200D14EBA /* NetworkResponseHandler.swift */; };
		4FBC074E1E4F894E00D14EBA /* GenericNetworkDataResourceService.swift in Sources */ = {isa = PBXBuildFile; fileRef = 4FBC074D1E4F894E00D14EBA /* GenericNetworkDataResourceService.swift */; };
		4FC453931DC9FFE600EA1FAE /* MockDefaultNetworkDataResource.swift in Sources */ = {isa = PBXBuildFile; fileRef = 4FC453901DC9FF5800EA1FAE /* MockDefaultNetworkDataResource.swift */; };
		4FD11C011E3A6A99004C7B0A /* NetworkServiceActivity.swift in Sources */ = {isa = PBXBuildFile; fileRef = 4FD11C001E3A6A99004C7B0A /* NetworkServiceActivity.swift */; };
		4FF005331DC9F985006BBACE /* ResourceType.swift in Sources */ = {isa = PBXBuildFile; fileRef = 4FF005321DC9F985006BBACE /* ResourceType.swift */; };
		4FF005351DC9F9E0006BBACE /* NetworkJSONArrayResourceType.swift in Sources */ = {isa = PBXBuildFile; fileRef = 4FF005341DC9F9E0006BBACE /* NetworkJSONArrayResourceType.swift */; };
		4FFA60A51D9C017200A91693 /* NetworkJSONDictionaryResourceType.swift in Sources */ = {isa = PBXBuildFile; fileRef = 4FFA60A41D9C017200A91693 /* NetworkJSONDictionaryResourceType.swift */; };
		EA80BE511E2798B300AA83F7 /* NetworkDataResourceServiceURLSessionTests.swift in Sources */ = {isa = PBXBuildFile; fileRef = EA80BE4F1E27985D00AA83F7 /* NetworkDataResourceServiceURLSessionTests.swift */; };
/* End PBXBuildFile section */

/* Begin PBXContainerItemProxy section */
		4F079CDB1D84559200D08DA0 /* PBXContainerItemProxy */ = {
			isa = PBXContainerItemProxy;
			containerPortal = 4F079CC61D84559100D08DA0 /* Project object */;
			proxyType = 1;
			remoteGlobalIDString = 4F079CCE1D84559100D08DA0;
			remoteInfo = TABResourceLoader;
		};
/* End PBXContainerItemProxy section */

/* Begin PBXFileReference section */
		4F079CCF1D84559100D08DA0 /* TABResourceLoader.framework */ = {isa = PBXFileReference; explicitFileType = wrapper.framework; includeInIndex = 0; path = TABResourceLoader.framework; sourceTree = BUILT_PRODUCTS_DIR; };
		4F079CD21D84559100D08DA0 /* TABResourceLoader.h */ = {isa = PBXFileReference; lastKnownFileType = sourcecode.c.h; path = TABResourceLoader.h; sourceTree = "<group>"; };
		4F079CD41D84559200D08DA0 /* Info.plist */ = {isa = PBXFileReference; lastKnownFileType = text.plist.xml; path = Info.plist; sourceTree = "<group>"; };
		4F079CD91D84559200D08DA0 /* TABResourceLoaderTests.xctest */ = {isa = PBXFileReference; explicitFileType = wrapper.cfbundle; includeInIndex = 0; path = TABResourceLoaderTests.xctest; sourceTree = BUILT_PRODUCTS_DIR; };
		4F079CE01D84559200D08DA0 /* Info.plist */ = {isa = PBXFileReference; lastKnownFileType = text.plist.xml; path = Info.plist; sourceTree = "<group>"; };
		4F079D1C1D84577E00D08DA0 /* BaseAsynchronousOperation.swift */ = {isa = PBXFileReference; fileEncoding = 4; lastKnownFileType = sourcecode.swift; path = BaseAsynchronousOperation.swift; sourceTree = "<group>"; };
		4F079D1D1D84577E00D08DA0 /* ResourceOperation.swift */ = {isa = PBXFileReference; fileEncoding = 4; lastKnownFileType = sourcecode.swift; path = ResourceOperation.swift; sourceTree = "<group>"; };
		4F079D1F1D84577E00D08DA0 /* DataResourceType.swift */ = {isa = PBXFileReference; fileEncoding = 4; lastKnownFileType = sourcecode.swift; path = DataResourceType.swift; sourceTree = "<group>"; };
		4F079D201D84577E00D08DA0 /* ImageResourceType.swift */ = {isa = PBXFileReference; fileEncoding = 4; lastKnownFileType = sourcecode.swift; path = ImageResourceType.swift; sourceTree = "<group>"; };
		4F079D211D84577E00D08DA0 /* JSONParsingError.swift */ = {isa = PBXFileReference; fileEncoding = 4; lastKnownFileType = sourcecode.swift; path = JSONParsingError.swift; sourceTree = "<group>"; };
		4F079D221D84577E00D08DA0 /* NetworkResourceType.swift */ = {isa = PBXFileReference; fileEncoding = 4; lastKnownFileType = sourcecode.swift; path = NetworkResourceType.swift; sourceTree = "<group>"; };
		4F079D241D84577E00D08DA0 /* ResourceServiceType.swift */ = {isa = PBXFileReference; fileEncoding = 4; lastKnownFileType = sourcecode.swift; path = ResourceServiceType.swift; sourceTree = "<group>"; };
		4F079D261D84577E00D08DA0 /* NetworkDataResourceService.swift */ = {isa = PBXFileReference; fileEncoding = 4; lastKnownFileType = sourcecode.swift; path = NetworkDataResourceService.swift; sourceTree = "<group>"; };
		4F079D271D84577E00D08DA0 /* URLSessionType.swift */ = {isa = PBXFileReference; fileEncoding = 4; lastKnownFileType = sourcecode.swift; path = URLSessionType.swift; sourceTree = "<group>"; };
		4F079D341D8457FF00D08DA0 /* Result.swift */ = {isa = PBXFileReference; fileEncoding = 4; lastKnownFileType = sourcecode.swift; path = Result.swift; sourceTree = "<group>"; };
		4F079D361D84585E00D08DA0 /* NSThread+Additions.swift */ = {isa = PBXFileReference; fileEncoding = 4; lastKnownFileType = sourcecode.swift; path = "NSThread+Additions.swift"; sourceTree = "<group>"; };
		4F079D3B1D8458E800D08DA0 /* NetworkImageResource.swift */ = {isa = PBXFileReference; fileEncoding = 4; lastKnownFileType = sourcecode.swift; path = NetworkImageResource.swift; sourceTree = "<group>"; };
		4F079D3F1D84599300D08DA0 /* XCTestCase+Additions.swift */ = {isa = PBXFileReference; fileEncoding = 4; lastKnownFileType = sourcecode.swift; path = "XCTestCase+Additions.swift"; sourceTree = "<group>"; };
		4F079D421D84599300D08DA0 /* MockJSONArrayResourceType.swift */ = {isa = PBXFileReference; fileEncoding = 4; lastKnownFileType = sourcecode.swift; path = MockJSONArrayResourceType.swift; sourceTree = "<group>"; };
		4F079D431D84599300D08DA0 /* MockJSONDictionaryResourceType.swift */ = {isa = PBXFileReference; fileEncoding = 4; lastKnownFileType = sourcecode.swift; path = MockJSONDictionaryResourceType.swift; sourceTree = "<group>"; };
		4F079D451D84599300D08DA0 /* MockNilURLRequestNetworkJSONResource.swift */ = {isa = PBXFileReference; fileEncoding = 4; lastKnownFileType = sourcecode.swift; path = MockNilURLRequestNetworkJSONResource.swift; sourceTree = "<group>"; };
		4F079D461D84599300D08DA0 /* MockObject.swift */ = {isa = PBXFileReference; fileEncoding = 4; lastKnownFileType = sourcecode.swift; path = MockObject.swift; sourceTree = "<group>"; };
		4F079D471D84599300D08DA0 /* MockResource.swift */ = {isa = PBXFileReference; fileEncoding = 4; lastKnownFileType = sourcecode.swift; path = MockResource.swift; sourceTree = "<group>"; };
		4F079D481D84599300D08DA0 /* MockResourceService.swift */ = {isa = PBXFileReference; fileEncoding = 4; lastKnownFileType = sourcecode.swift; path = MockResourceService.swift; sourceTree = "<group>"; };
		4F079D491D84599300D08DA0 /* MockURLSession.swift */ = {isa = PBXFileReference; fileEncoding = 4; lastKnownFileType = sourcecode.swift; path = MockURLSession.swift; sourceTree = "<group>"; };
		4F079D4B1D84599300D08DA0 /* ResourceOperationTests.swift */ = {isa = PBXFileReference; fileEncoding = 4; lastKnownFileType = sourcecode.swift; path = ResourceOperationTests.swift; sourceTree = "<group>"; };
		4F079D4D1D84599300D08DA0 /* ImageResourceTypeTests.swift */ = {isa = PBXFileReference; fileEncoding = 4; lastKnownFileType = sourcecode.swift; path = ImageResourceTypeTests.swift; sourceTree = "<group>"; };
		4F079D4F1D84599300D08DA0 /* NetworkResourceTypeTests.swift */ = {isa = PBXFileReference; fileEncoding = 4; lastKnownFileType = sourcecode.swift; path = NetworkResourceTypeTests.swift; sourceTree = "<group>"; };
		4F079D521D84599300D08DA0 /* NetworkDataResourceServiceTests.swift */ = {isa = PBXFileReference; fileEncoding = 4; lastKnownFileType = sourcecode.swift; path = NetworkDataResourceServiceTests.swift; sourceTree = "<group>"; };
		4F079D531D84599300D08DA0 /* SubclassedNetworkDataResourceServiceTests.swift */ = {isa = PBXFileReference; fileEncoding = 4; lastKnownFileType = sourcecode.swift; path = SubclassedNetworkDataResourceServiceTests.swift; sourceTree = "<group>"; };
		4F079D781D84650800D08DA0 /* ImageMocker.swift */ = {isa = PBXFileReference; fileEncoding = 4; lastKnownFileType = sourcecode.swift; path = ImageMocker.swift; sourceTree = "<group>"; };
		4F26D6601E52245500F22BAB /* MockCancellable.swift */ = {isa = PBXFileReference; fileEncoding = 4; lastKnownFileType = sourcecode.swift; path = MockCancellable.swift; sourceTree = "<group>"; };
		4F36C0AF1D9D529600CDFD21 /* JSONDictionaryResourceType.swift */ = {isa = PBXFileReference; fileEncoding = 4; lastKnownFileType = sourcecode.swift; path = JSONDictionaryResourceType.swift; sourceTree = "<group>"; };
		4F36C0B11D9D52A700CDFD21 /* JSONArrayResourceType.swift */ = {isa = PBXFileReference; fileEncoding = 4; lastKnownFileType = sourcecode.swift; path = JSONArrayResourceType.swift; sourceTree = "<group>"; };
		4F36C0B31D9D5ABE00CDFD21 /* JSONDictionaryResourceTypeTests.swift */ = {isa = PBXFileReference; fileEncoding = 4; lastKnownFileType = sourcecode.swift; path = JSONDictionaryResourceTypeTests.swift; sourceTree = "<group>"; };
		4F36C0B61D9D5B7E00CDFD21 /* JSONArrayResourceTypeTests.swift */ = {isa = PBXFileReference; fileEncoding = 4; lastKnownFileType = sourcecode.swift; path = JSONArrayResourceTypeTests.swift; sourceTree = "<group>"; };
		4F6CDC181E5AF5B7001BF320 /* GlobalFunctionsTests.swift */ = {isa = PBXFileReference; fileEncoding = 4; lastKnownFileType = sourcecode.swift; path = GlobalFunctionsTests.swift; sourceTree = "<group>"; };
		4F782C621DA2B08600179638 /* NetworkJSONDictionaryResourceTypeTests.swift */ = {isa = PBXFileReference; fileEncoding = 4; lastKnownFileType = sourcecode.swift; path = NetworkJSONDictionaryResourceTypeTests.swift; sourceTree = "<group>"; };
		4F782C651DA2B10B00179638 /* NetworkJSONArrayResourceTypeTests.swift */ = {isa = PBXFileReference; fileEncoding = 4; lastKnownFileType = sourcecode.swift; path = NetworkJSONArrayResourceTypeTests.swift; sourceTree = "<group>"; };
		4F8D1FBA1D8DFFD30099DD9A /* Example.app */ = {isa = PBXFileReference; explicitFileType = wrapper.application; includeInIndex = 0; path = Example.app; sourceTree = BUILT_PRODUCTS_DIR; };
		4F8D1FBC1D8DFFD40099DD9A /* AppDelegate.swift */ = {isa = PBXFileReference; lastKnownFileType = sourcecode.swift; path = AppDelegate.swift; sourceTree = "<group>"; };
		4F8D1FBE1D8DFFD40099DD9A /* ViewController.swift */ = {isa = PBXFileReference; lastKnownFileType = sourcecode.swift; path = ViewController.swift; sourceTree = "<group>"; };
		4F8D1FC11D8DFFD40099DD9A /* Base */ = {isa = PBXFileReference; lastKnownFileType = file.storyboard; name = Base; path = Base.lproj/Main.storyboard; sourceTree = "<group>"; };
		4F8D1FC31D8DFFD40099DD9A /* Assets.xcassets */ = {isa = PBXFileReference; lastKnownFileType = folder.assetcatalog; path = Assets.xcassets; sourceTree = "<group>"; };
		4F8D1FC61D8DFFD40099DD9A /* Base */ = {isa = PBXFileReference; lastKnownFileType = file.storyboard; name = Base; path = Base.lproj/LaunchScreen.storyboard; sourceTree = "<group>"; };
		4F8D1FC81D8DFFD40099DD9A /* Info.plist */ = {isa = PBXFileReference; lastKnownFileType = text.plist.xml; path = Info.plist; sourceTree = "<group>"; };
		4F8D1FCC1D8E00040099DD9A /* america.json */ = {isa = PBXFileReference; fileEncoding = 4; lastKnownFileType = text.json; path = america.json; sourceTree = "<group>"; };
		4F8D1FCE1D8E00040099DD9A /* europe.json */ = {isa = PBXFileReference; fileEncoding = 4; lastKnownFileType = text.json; path = europe.json; sourceTree = "<group>"; };
		4F8D1FD01D8E00040099DD9A /* CitiesResource.swift */ = {isa = PBXFileReference; fileEncoding = 4; lastKnownFileType = sourcecode.swift; path = CitiesResource.swift; sourceTree = "<group>"; };
		4F8D1FD11D8E00040099DD9A /* City.swift */ = {isa = PBXFileReference; fileEncoding = 4; lastKnownFileType = sourcecode.swift; path = City.swift; sourceTree = "<group>"; };
		4FBC07451E4F66E500D14EBA /* GlobalFunctions.swift */ = {isa = PBXFileReference; fileEncoding = 4; lastKnownFileType = sourcecode.swift; name = GlobalFunctions.swift; path = GlobalFunctions.swift; sourceTree = "<group>"; };
		4FBC07471E4F67F200D14EBA /* NetworkResponseHandler.swift */ = {isa = PBXFileReference; fileEncoding = 4; lastKnownFileType = sourcecode.swift; path = NetworkResponseHandler.swift; sourceTree = "<group>"; };
		4FBC074D1E4F894E00D14EBA /* GenericNetworkDataResourceService.swift */ = {isa = PBXFileReference; fileEncoding = 4; lastKnownFileType = sourcecode.swift; path = GenericNetworkDataResourceService.swift; sourceTree = "<group>"; };
		4FC453901DC9FF5800EA1FAE /* MockDefaultNetworkDataResource.swift */ = {isa = PBXFileReference; fileEncoding = 4; lastKnownFileType = sourcecode.swift; path = MockDefaultNetworkDataResource.swift; sourceTree = "<group>"; };
		4FD11C001E3A6A99004C7B0A /* NetworkServiceActivity.swift */ = {isa = PBXFileReference; fileEncoding = 4; lastKnownFileType = sourcecode.swift; path = NetworkServiceActivity.swift; sourceTree = "<group>"; };
		4FF005321DC9F985006BBACE /* ResourceType.swift */ = {isa = PBXFileReference; fileEncoding = 4; lastKnownFileType = sourcecode.swift; path = ResourceType.swift; sourceTree = "<group>"; };
		4FF005341DC9F9E0006BBACE /* NetworkJSONArrayResourceType.swift */ = {isa = PBXFileReference; fileEncoding = 4; lastKnownFileType = sourcecode.swift; path = NetworkJSONArrayResourceType.swift; sourceTree = "<group>"; };
		4FFA60A41D9C017200A91693 /* NetworkJSONDictionaryResourceType.swift */ = {isa = PBXFileReference; fileEncoding = 4; lastKnownFileType = sourcecode.swift; path = NetworkJSONDictionaryResourceType.swift; sourceTree = "<group>"; };
		EA80BE4F1E27985D00AA83F7 /* NetworkDataResourceServiceURLSessionTests.swift */ = {isa = PBXFileReference; fileEncoding = 4; lastKnownFileType = sourcecode.swift; path = NetworkDataResourceServiceURLSessionTests.swift; sourceTree = "<group>"; };
/* End PBXFileReference section */

/* Begin PBXFrameworksBuildPhase section */
		4F079CCB1D84559100D08DA0 /* Frameworks */ = {
			isa = PBXFrameworksBuildPhase;
			buildActionMask = 2147483647;
			files = (
			);
			runOnlyForDeploymentPostprocessing = 0;
		};
		4F079CD61D84559200D08DA0 /* Frameworks */ = {
			isa = PBXFrameworksBuildPhase;
			buildActionMask = 2147483647;
			files = (
				4F079CDA1D84559200D08DA0 /* TABResourceLoader.framework in Frameworks */,
			);
			runOnlyForDeploymentPostprocessing = 0;
		};
		4F8D1FB71D8DFFD30099DD9A /* Frameworks */ = {
			isa = PBXFrameworksBuildPhase;
			buildActionMask = 2147483647;
			files = (
				4F8D1FD71D8E00560099DD9A /* TABResourceLoader.framework in Frameworks */,
			);
			runOnlyForDeploymentPostprocessing = 0;
		};
/* End PBXFrameworksBuildPhase section */

/* Begin PBXGroup section */
		4F079CC51D84559100D08DA0 = {
			isa = PBXGroup;
			children = (
				4F8D1FBB1D8DFFD40099DD9A /* Example */,
				4F079CD11D84559100D08DA0 /* Metadata */,
				4F079CD01D84559100D08DA0 /* Products */,
				4F079D1A1D84577E00D08DA0 /* Sources */,
				4F079CE91D84566300D08DA0 /* Tests */,
			);
			indentWidth = 2;
			sourceTree = "<group>";
			tabWidth = 2;
			usesTabs = 0;
		};
		4F079CD01D84559100D08DA0 /* Products */ = {
			isa = PBXGroup;
			children = (
				4F079CCF1D84559100D08DA0 /* TABResourceLoader.framework */,
				4F079CD91D84559200D08DA0 /* TABResourceLoaderTests.xctest */,
				4F8D1FBA1D8DFFD30099DD9A /* Example.app */,
			);
			name = Products;
			sourceTree = "<group>";
		};
		4F079CD11D84559100D08DA0 /* Metadata */ = {
			isa = PBXGroup;
			children = (
				4F079CD41D84559200D08DA0 /* Info.plist */,
				4F079CD21D84559100D08DA0 /* TABResourceLoader.h */,
			);
			path = Metadata;
			sourceTree = "<group>";
		};
		4F079CDD1D84559200D08DA0 /* TABResourceLoaderTests */ = {
			isa = PBXGroup;
			children = (
				4F6CDC151E5AF5A0001BF320 /* Helper functions */,
				4F079D3E1D84599300D08DA0 /* Helpers */,
				4F079CEA1D84567300D08DA0 /* Metadata */,
				4F079D401D84599300D08DA0 /* Mocks */,
				4F079D4A1D84599300D08DA0 /* Operations */,
				4F079D4C1D84599300D08DA0 /* Protocols */,
				4F079D511D84599300D08DA0 /* Services */,
			);
			path = TABResourceLoaderTests;
			sourceTree = "<group>";
		};
		4F079CE91D84566300D08DA0 /* Tests */ = {
			isa = PBXGroup;
			children = (
				4F079CDD1D84559200D08DA0 /* TABResourceLoaderTests */,
			);
			path = Tests;
			sourceTree = "<group>";
		};
		4F079CEA1D84567300D08DA0 /* Metadata */ = {
			isa = PBXGroup;
			children = (
				4F079CE01D84559200D08DA0 /* Info.plist */,
			);
			path = Metadata;
			sourceTree = "<group>";
		};
		4F079D1A1D84577E00D08DA0 /* Sources */ = {
			isa = PBXGroup;
			children = (
				4F88C6961D88A0D2002CAEA2 /* TABResourceLoader */,
			);
			path = Sources;
			sourceTree = "<group>";
		};
		4F079D1B1D84577E00D08DA0 /* Operations */ = {
			isa = PBXGroup;
			children = (
				4F079D1C1D84577E00D08DA0 /* BaseAsynchronousOperation.swift */,
				4F079D1D1D84577E00D08DA0 /* ResourceOperation.swift */,
			);
			path = Operations;
			sourceTree = "<group>";
		};
		4F079D1E1D84577E00D08DA0 /* Protocols */ = {
			isa = PBXGroup;
			children = (
				4FAB1C1A1DD35E9A009274DA /* Resource types */,
				4F079D241D84577E00D08DA0 /* ResourceServiceType.swift */,
			);
			path = Protocols;
			sourceTree = "<group>";
		};
		4F079D251D84577E00D08DA0 /* Services */ = {
			isa = PBXGroup;
			children = (
				4FBC074D1E4F894E00D14EBA /* GenericNetworkDataResourceService.swift */,
				4F079D261D84577E00D08DA0 /* NetworkDataResourceService.swift */,
				4FBC07471E4F67F200D14EBA /* NetworkResponseHandler.swift */,
				4FD11C001E3A6A99004C7B0A /* NetworkServiceActivity.swift */,
				4F079D271D84577E00D08DA0 /* URLSessionType.swift */,
			);
			path = Services;
			sourceTree = "<group>";
		};
		4F079D381D8458A000D08DA0 /* Extensions */ = {
			isa = PBXGroup;
			children = (
				4F079D361D84585E00D08DA0 /* NSThread+Additions.swift */,
			);
			path = Extensions;
			sourceTree = "<group>";
		};
		4F079D3A1D8458AE00D08DA0 /* Concrete types */ = {
			isa = PBXGroup;
			children = (
				4F079D3D1D84590600D08DA0 /* Resources */,
				4F079D211D84577E00D08DA0 /* JSONParsingError.swift */,
				4F079D341D8457FF00D08DA0 /* Result.swift */,
			);
			path = "Concrete types";
			sourceTree = "<group>";
		};
		4F079D3D1D84590600D08DA0 /* Resources */ = {
			isa = PBXGroup;
			children = (
				4F079D3B1D8458E800D08DA0 /* NetworkImageResource.swift */,
			);
			path = Resources;
			sourceTree = "<group>";
		};
		4F079D3E1D84599300D08DA0 /* Helpers */ = {
			isa = PBXGroup;
			children = (
				4F079D781D84650800D08DA0 /* ImageMocker.swift */,
				4F079D3F1D84599300D08DA0 /* XCTestCase+Additions.swift */,
			);
			path = Helpers;
			sourceTree = "<group>";
		};
		4F079D401D84599300D08DA0 /* Mocks */ = {
			isa = PBXGroup;
			children = (
				4F26D6601E52245500F22BAB /* MockCancellable.swift */,
				4FC453901DC9FF5800EA1FAE /* MockDefaultNetworkDataResource.swift */,
				4F079D421D84599300D08DA0 /* MockJSONArrayResourceType.swift */,
				4F079D431D84599300D08DA0 /* MockJSONDictionaryResourceType.swift */,
				4F079D451D84599300D08DA0 /* MockNilURLRequestNetworkJSONResource.swift */,
				4F079D461D84599300D08DA0 /* MockObject.swift */,
				4F079D471D84599300D08DA0 /* MockResource.swift */,
				4F079D481D84599300D08DA0 /* MockResourceService.swift */,
				4F079D491D84599300D08DA0 /* MockURLSession.swift */,
			);
			path = Mocks;
			sourceTree = "<group>";
		};
		4F079D4A1D84599300D08DA0 /* Operations */ = {
			isa = PBXGroup;
			children = (
				4F079D4B1D84599300D08DA0 /* ResourceOperationTests.swift */,
			);
			path = Operations;
			sourceTree = "<group>";
		};
		4F079D4C1D84599300D08DA0 /* Protocols */ = {
			isa = PBXGroup;
			children = (
				4F079D4D1D84599300D08DA0 /* ImageResourceTypeTests.swift */,
				4F36C0B61D9D5B7E00CDFD21 /* JSONArrayResourceTypeTests.swift */,
				4F36C0B31D9D5ABE00CDFD21 /* JSONDictionaryResourceTypeTests.swift */,
				EA80BE4F1E27985D00AA83F7 /* NetworkDataResourceServiceURLSessionTests.swift */,
				4F782C651DA2B10B00179638 /* NetworkJSONArrayResourceTypeTests.swift */,
				4F782C621DA2B08600179638 /* NetworkJSONDictionaryResourceTypeTests.swift */,
				4F079D4F1D84599300D08DA0 /* NetworkResourceTypeTests.swift */,
			);
			path = Protocols;
			sourceTree = "<group>";
		};
		4F079D511D84599300D08DA0 /* Services */ = {
			isa = PBXGroup;
			children = (
				4F079D521D84599300D08DA0 /* NetworkDataResourceServiceTests.swift */,
				4F079D531D84599300D08DA0 /* SubclassedNetworkDataResourceServiceTests.swift */,
			);
			path = Services;
			sourceTree = "<group>";
		};
		4F6CDC141E5AF58F001BF320 /* Helper functions */ = {
			isa = PBXGroup;
			children = (
				4FBC07451E4F66E500D14EBA /* GlobalFunctions.swift */,
			);
			name = "Helper functions";
			path = "Helper functions";
			sourceTree = "<group>";
		};
		4F6CDC151E5AF5A0001BF320 /* Helper functions */ = {
			isa = PBXGroup;
			children = (
				4F6CDC181E5AF5B7001BF320 /* GlobalFunctionsTests.swift */,
			);
			name = "Helper functions";
			path = "Helper functions";
			sourceTree = "<group>";
		};
		4F88C6961D88A0D2002CAEA2 /* TABResourceLoader */ = {
			isa = PBXGroup;
			children = (
				4F079D3A1D8458AE00D08DA0 /* Concrete types */,
				4F079D381D8458A000D08DA0 /* Extensions */,
				4F6CDC141E5AF58F001BF320 /* Helper functions */,
				4F079D1B1D84577E00D08DA0 /* Operations */,
				4F079D1E1D84577E00D08DA0 /* Protocols */,
				4F079D251D84577E00D08DA0 /* Services */,
			);
			path = TABResourceLoader;
			sourceTree = "<group>";
		};
		4F8D1FBB1D8DFFD40099DD9A /* Example */ = {
			isa = PBXGroup;
			children = (
				4F8D1FCF1D8E00040099DD9A /* Models */,
				4F8D1FBC1D8DFFD40099DD9A /* AppDelegate.swift */,
				4F8D1FC31D8DFFD40099DD9A /* Assets.xcassets */,
				4F8D1FC81D8DFFD40099DD9A /* Info.plist */,
				4F8D1FC51D8DFFD40099DD9A /* LaunchScreen.storyboard */,
				4F8D1FC01D8DFFD40099DD9A /* Main.storyboard */,
				4F8D1FBE1D8DFFD40099DD9A /* ViewController.swift */,
				4F8D1FCC1D8E00040099DD9A /* america.json */,
				4F8D1FCE1D8E00040099DD9A /* europe.json */,
			);
			path = Example;
			sourceTree = "<group>";
		};
		4F8D1FCF1D8E00040099DD9A /* Models */ = {
			isa = PBXGroup;
			children = (
				4F8D1FD01D8E00040099DD9A /* CitiesResource.swift */,
				4F8D1FD11D8E00040099DD9A /* City.swift */,
			);
			path = Models;
			sourceTree = "<group>";
		};
		4FAB1C1A1DD35E9A009274DA /* Resource types */ = {
			isa = PBXGroup;
			children = (
				4F079D1F1D84577E00D08DA0 /* DataResourceType.swift */,
				4F079D201D84577E00D08DA0 /* ImageResourceType.swift */,
				4F36C0B11D9D52A700CDFD21 /* JSONArrayResourceType.swift */,
				4F36C0AF1D9D529600CDFD21 /* JSONDictionaryResourceType.swift */,
				4FF005341DC9F9E0006BBACE /* NetworkJSONArrayResourceType.swift */,
				4FFA60A41D9C017200A91693 /* NetworkJSONDictionaryResourceType.swift */,
				4F079D221D84577E00D08DA0 /* NetworkResourceType.swift */,
				4FF005321DC9F985006BBACE /* ResourceType.swift */,
			);
			path = "Resource types";
			sourceTree = "<group>";
		};
/* End PBXGroup section */

/* Begin PBXHeadersBuildPhase section */
		4F079CCC1D84559100D08DA0 /* Headers */ = {
			isa = PBXHeadersBuildPhase;
			buildActionMask = 2147483647;
			files = (
				4F079CD31D84559200D08DA0 /* TABResourceLoader.h in Headers */,
			);
			runOnlyForDeploymentPostprocessing = 0;
		};
/* End PBXHeadersBuildPhase section */

/* Begin PBXNativeTarget section */
		4F079CCE1D84559100D08DA0 /* TABResourceLoader */ = {
			isa = PBXNativeTarget;
			buildConfigurationList = 4F079CE31D84559200D08DA0 /* Build configuration list for PBXNativeTarget "TABResourceLoader" */;
			buildPhases = (
				4F86496F1E4CE4A100E1559E /* swiftlint */,
				4F079CCA1D84559100D08DA0 /* Sources */,
				4F079CCB1D84559100D08DA0 /* Frameworks */,
				4F079CCC1D84559100D08DA0 /* Headers */,
				4F079CCD1D84559100D08DA0 /* Resources */,
			);
			buildRules = (
			);
			dependencies = (
			);
			name = TABResourceLoader;
			productName = TABResourceLoader;
			productReference = 4F079CCF1D84559100D08DA0 /* TABResourceLoader.framework */;
			productType = "com.apple.product-type.framework";
		};
		4F079CD81D84559200D08DA0 /* TABResourceLoaderTests */ = {
			isa = PBXNativeTarget;
			buildConfigurationList = 4F079CE61D84559200D08DA0 /* Build configuration list for PBXNativeTarget "TABResourceLoaderTests" */;
			buildPhases = (
				4F079CD51D84559200D08DA0 /* Sources */,
				4F079CD61D84559200D08DA0 /* Frameworks */,
				4F079CD71D84559200D08DA0 /* Resources */,
			);
			buildRules = (
			);
			dependencies = (
				4F079CDC1D84559200D08DA0 /* PBXTargetDependency */,
			);
			name = TABResourceLoaderTests;
			productName = TABResourceLoaderTests;
			productReference = 4F079CD91D84559200D08DA0 /* TABResourceLoaderTests.xctest */;
			productType = "com.apple.product-type.bundle.unit-test";
		};
		4F8D1FB91D8DFFD30099DD9A /* Example */ = {
			isa = PBXNativeTarget;
			buildConfigurationList = 4F8D1FCB1D8DFFD40099DD9A /* Build configuration list for PBXNativeTarget "Example" */;
			buildPhases = (
				4F8D1FB61D8DFFD30099DD9A /* Sources */,
				4F8D1FB71D8DFFD30099DD9A /* Frameworks */,
				4F8D1FB81D8DFFD30099DD9A /* Resources */,
			);
			buildRules = (
			);
			dependencies = (
			);
			name = Example;
			productName = Example;
			productReference = 4F8D1FBA1D8DFFD30099DD9A /* Example.app */;
			productType = "com.apple.product-type.application";
		};
/* End PBXNativeTarget section */

/* Begin PBXProject section */
		4F079CC61D84559100D08DA0 /* Project object */ = {
			isa = PBXProject;
			attributes = {
				LastSwiftUpdateCheck = 0800;
				LastUpgradeCheck = 0800;
				ORGANIZATIONNAME = "Luciano Marisi";
				TargetAttributes = {
					4F079CCE1D84559100D08DA0 = {
						CreatedOnToolsVersion = 7.3.1;
						LastSwiftMigration = 0800;
					};
					4F079CD81D84559200D08DA0 = {
						CreatedOnToolsVersion = 7.3.1;
						LastSwiftMigration = 0800;
					};
					4F8D1FB91D8DFFD30099DD9A = {
						CreatedOnToolsVersion = 8.0;
						ProvisioningStyle = Manual;
					};
				};
			};
			buildConfigurationList = 4F079CC91D84559100D08DA0 /* Build configuration list for PBXProject "TABResourceLoader" */;
			compatibilityVersion = "Xcode 3.2";
			developmentRegion = English;
			hasScannedForEncodings = 0;
			knownRegions = (
				en,
				Base,
			);
			mainGroup = 4F079CC51D84559100D08DA0;
			productRefGroup = 4F079CD01D84559100D08DA0 /* Products */;
			projectDirPath = "";
			projectRoot = "";
			targets = (
				4F079CCE1D84559100D08DA0 /* TABResourceLoader */,
				4F079CD81D84559200D08DA0 /* TABResourceLoaderTests */,
				4F8D1FB91D8DFFD30099DD9A /* Example */,
			);
		};
/* End PBXProject section */

/* Begin PBXResourcesBuildPhase section */
		4F079CCD1D84559100D08DA0 /* Resources */ = {
			isa = PBXResourcesBuildPhase;
			buildActionMask = 2147483647;
			files = (
			);
			runOnlyForDeploymentPostprocessing = 0;
		};
		4F079CD71D84559200D08DA0 /* Resources */ = {
			isa = PBXResourcesBuildPhase;
			buildActionMask = 2147483647;
			files = (
			);
			runOnlyForDeploymentPostprocessing = 0;
		};
		4F8D1FB81D8DFFD30099DD9A /* Resources */ = {
			isa = PBXResourcesBuildPhase;
			buildActionMask = 2147483647;
			files = (
				4F8D1FC71D8DFFD40099DD9A /* LaunchScreen.storyboard in Resources */,
				4F8D1FC41D8DFFD40099DD9A /* Assets.xcassets in Resources */,
				4F8D1FD41D8E00040099DD9A /* europe.json in Resources */,
				4F8D1FD21D8E00040099DD9A /* america.json in Resources */,
				4F8D1FC21D8DFFD40099DD9A /* Main.storyboard in Resources */,
			);
			runOnlyForDeploymentPostprocessing = 0;
		};
/* End PBXResourcesBuildPhase section */

/* Begin PBXShellScriptBuildPhase section */
		4F86496F1E4CE4A100E1559E /* swiftlint */ = {
			isa = PBXShellScriptBuildPhase;
			buildActionMask = 2147483647;
			files = (
			);
			inputPaths = (
			);
			name = swiftlint;
			outputPaths = (
			);
			runOnlyForDeploymentPostprocessing = 0;
			shellPath = /bin/sh;
			shellScript = "if which swiftlint >/dev/null; then\n    swiftlint autocorrect\n    swiftlint\nelse\n    echo \"warning: SwiftLint not installed, download from https://github.com/realm/SwiftLint\"\nfi";
		};
/* End PBXShellScriptBuildPhase section */

/* Begin PBXSourcesBuildPhase section */
		4F079CCA1D84559100D08DA0 /* Sources */ = {
			isa = PBXSourcesBuildPhase;
			buildActionMask = 2147483647;
			files = (
				4FB4D6D51D8476B000A7D1B8 /* ResourceOperation.swift in Sources */,
				4F079D2D1D84577E00D08DA0 /* NetworkResourceType.swift in Sources */,
				4F079D371D84585E00D08DA0 /* NSThread+Additions.swift in Sources */,
				4F88C6971D88A122002CAEA2 /* Result.swift in Sources */,
				4F079D281D84577E00D08DA0 /* BaseAsynchronousOperation.swift in Sources */,
				4F079D2C1D84577E00D08DA0 /* JSONParsingError.swift in Sources */,
				4FBC07481E4F67F200D14EBA /* NetworkResponseHandler.swift in Sources */,
				4F079D2A1D84577E00D08DA0 /* DataResourceType.swift in Sources */,
				4FF005331DC9F985006BBACE /* ResourceType.swift in Sources */,
				4FD11C011E3A6A99004C7B0A /* NetworkServiceActivity.swift in Sources */,
				4F079D3C1D8458E800D08DA0 /* NetworkImageResource.swift in Sources */,
				4F36C0B21D9D52A700CDFD21 /* JSONArrayResourceType.swift in Sources */,
				4F079D301D84577E00D08DA0 /* NetworkDataResourceService.swift in Sources */,
				4FF005351DC9F9E0006BBACE /* NetworkJSONArrayResourceType.swift in Sources */,
				4FBC07461E4F66E500D14EBA /* GlobalFunctions.swift in Sources */,
				4F36C0B01D9D529600CDFD21 /* JSONDictionaryResourceType.swift in Sources */,
				4FFA60A51D9C017200A91693 /* NetworkJSONDictionaryResourceType.swift in Sources */,
				4F079D2B1D84577E00D08DA0 /* ImageResourceType.swift in Sources */,
				4F079D311D84577E00D08DA0 /* URLSessionType.swift in Sources */,
				4F079D2F1D84577E00D08DA0 /* ResourceServiceType.swift in Sources */,
				4FBC074E1E4F894E00D14EBA /* GenericNetworkDataResourceService.swift in Sources */,
			);
			runOnlyForDeploymentPostprocessing = 0;
		};
		4F079CD51D84559200D08DA0 /* Sources */ = {
			isa = PBXSourcesBuildPhase;
			buildActionMask = 2147483647;
			files = (
				4F079D7A1D84652200D08DA0 /* ImageMocker.swift in Sources */,
				4F079D651D8459D400D08DA0 /* XCTestCase+Additions.swift in Sources */,
				4FC453931DC9FFE600EA1FAE /* MockDefaultNetworkDataResource.swift in Sources */,
				4F782C641DA2B09900179638 /* NetworkJSONDictionaryResourceTypeTests.swift in Sources */,
				4F36C0B51D9D5AE400CDFD21 /* JSONDictionaryResourceTypeTests.swift in Sources */,
				4F079D721D8459D400D08DA0 /* NetworkResourceTypeTests.swift in Sources */,
				4F079D6C1D8459D400D08DA0 /* MockResource.swift in Sources */,
				4F36C0B81D9D5BD200CDFD21 /* JSONArrayResourceTypeTests.swift in Sources */,
				4F26D6621E5224D400F22BAB /* MockCancellable.swift in Sources */,
				4F079D7B1D846DD400D08DA0 /* SubclassedNetworkDataResourceServiceTests.swift in Sources */,
				4F079D6F1D8459D400D08DA0 /* ResourceOperationTests.swift in Sources */,
				4F079D701D8459D400D08DA0 /* ImageResourceTypeTests.swift in Sources */,
				4F079D6E1D8459D400D08DA0 /* MockURLSession.swift in Sources */,
				4F782C661DA2B10B00179638 /* NetworkJSONArrayResourceTypeTests.swift in Sources */,
				4F079D741D8459D400D08DA0 /* NetworkDataResourceServiceTests.swift in Sources */,
				4F079D6B1D8459D400D08DA0 /* MockObject.swift in Sources */,
				4F079D671D8459D400D08DA0 /* MockJSONArrayResourceType.swift in Sources */,
				EA80BE511E2798B300AA83F7 /* NetworkDataResourceServiceURLSessionTests.swift in Sources */,
				4F079D6A1D8459D400D08DA0 /* MockNilURLRequestNetworkJSONResource.swift in Sources */,
				4F079D681D8459D400D08DA0 /* MockJSONDictionaryResourceType.swift in Sources */,
				4F6CDC191E5AF5B7001BF320 /* GlobalFunctionsTests.swift in Sources */,
				4F079D6D1D8459D400D08DA0 /* MockResourceService.swift in Sources */,
			);
			runOnlyForDeploymentPostprocessing = 0;
		};
		4F8D1FB61D8DFFD30099DD9A /* Sources */ = {
			isa = PBXSourcesBuildPhase;
			buildActionMask = 2147483647;
			files = (
				4F8D1FBF1D8DFFD40099DD9A /* ViewController.swift in Sources */,
				4F8D1FBD1D8DFFD40099DD9A /* AppDelegate.swift in Sources */,
				4F8D1FD61D8E00040099DD9A /* City.swift in Sources */,
				4F8D1FD51D8E00040099DD9A /* CitiesResource.swift in Sources */,
			);
			runOnlyForDeploymentPostprocessing = 0;
		};
/* End PBXSourcesBuildPhase section */

/* Begin PBXTargetDependency section */
		4F079CDC1D84559200D08DA0 /* PBXTargetDependency */ = {
			isa = PBXTargetDependency;
			target = 4F079CCE1D84559100D08DA0 /* TABResourceLoader */;
			targetProxy = 4F079CDB1D84559200D08DA0 /* PBXContainerItemProxy */;
		};
/* End PBXTargetDependency section */

/* Begin PBXVariantGroup section */
		4F8D1FC01D8DFFD40099DD9A /* Main.storyboard */ = {
			isa = PBXVariantGroup;
			children = (
				4F8D1FC11D8DFFD40099DD9A /* Base */,
			);
			name = Main.storyboard;
			path = .;
			sourceTree = "<group>";
		};
		4F8D1FC51D8DFFD40099DD9A /* LaunchScreen.storyboard */ = {
			isa = PBXVariantGroup;
			children = (
				4F8D1FC61D8DFFD40099DD9A /* Base */,
			);
			name = LaunchScreen.storyboard;
			path = .;
			sourceTree = "<group>";
		};
/* End PBXVariantGroup section */

/* Begin XCBuildConfiguration section */
		4F079CE11D84559200D08DA0 /* Debug */ = {
			isa = XCBuildConfiguration;
			buildSettings = {
				ALWAYS_SEARCH_USER_PATHS = NO;
				CLANG_ANALYZER_NONNULL = YES;
				CLANG_CXX_LANGUAGE_STANDARD = "gnu++0x";
				CLANG_CXX_LIBRARY = "libc++";
				CLANG_ENABLE_MODULES = YES;
				CLANG_ENABLE_OBJC_ARC = YES;
				CLANG_WARN_BOOL_CONVERSION = YES;
				CLANG_WARN_CONSTANT_CONVERSION = YES;
				CLANG_WARN_DIRECT_OBJC_ISA_USAGE = YES_ERROR;
				CLANG_WARN_EMPTY_BODY = YES;
				CLANG_WARN_ENUM_CONVERSION = YES;
				CLANG_WARN_INFINITE_RECURSION = YES;
				CLANG_WARN_INT_CONVERSION = YES;
				CLANG_WARN_OBJC_ROOT_CLASS = YES_ERROR;
				CLANG_WARN_SUSPICIOUS_MOVE = YES;
				CLANG_WARN_UNREACHABLE_CODE = YES;
				CLANG_WARN__DUPLICATE_METHOD_MATCH = YES;
				"CODE_SIGN_IDENTITY[sdk=iphoneos*]" = "iPhone Developer";
				COPY_PHASE_STRIP = NO;
				CURRENT_PROJECT_VERSION = 1;
				DEBUG_INFORMATION_FORMAT = dwarf;
				ENABLE_STRICT_OBJC_MSGSEND = YES;
				ENABLE_TESTABILITY = YES;
				GCC_C_LANGUAGE_STANDARD = gnu99;
				GCC_DYNAMIC_NO_PIC = NO;
				GCC_NO_COMMON_BLOCKS = YES;
				GCC_OPTIMIZATION_LEVEL = 0;
				GCC_PREPROCESSOR_DEFINITIONS = (
					"DEBUG=1",
					"$(inherited)",
				);
				GCC_WARN_64_TO_32_BIT_CONVERSION = YES;
				GCC_WARN_ABOUT_RETURN_TYPE = YES_ERROR;
				GCC_WARN_UNDECLARED_SELECTOR = YES;
				GCC_WARN_UNINITIALIZED_AUTOS = YES_AGGRESSIVE;
				GCC_WARN_UNUSED_FUNCTION = YES;
				GCC_WARN_UNUSED_VARIABLE = YES;
				IPHONEOS_DEPLOYMENT_TARGET = 8.0;
				MTL_ENABLE_DEBUG_INFO = YES;
				ONLY_ACTIVE_ARCH = YES;
				SDKROOT = iphoneos;
				SWIFT_OPTIMIZATION_LEVEL = "-Onone";
				TARGETED_DEVICE_FAMILY = "1,2";
				VERSIONING_SYSTEM = "apple-generic";
				VERSION_INFO_PREFIX = "";
			};
			name = Debug;
		};
		4F079CE21D84559200D08DA0 /* Release */ = {
			isa = XCBuildConfiguration;
			buildSettings = {
				ALWAYS_SEARCH_USER_PATHS = NO;
				CLANG_ANALYZER_NONNULL = YES;
				CLANG_CXX_LANGUAGE_STANDARD = "gnu++0x";
				CLANG_CXX_LIBRARY = "libc++";
				CLANG_ENABLE_MODULES = YES;
				CLANG_ENABLE_OBJC_ARC = YES;
				CLANG_WARN_BOOL_CONVERSION = YES;
				CLANG_WARN_CONSTANT_CONVERSION = YES;
				CLANG_WARN_DIRECT_OBJC_ISA_USAGE = YES_ERROR;
				CLANG_WARN_EMPTY_BODY = YES;
				CLANG_WARN_ENUM_CONVERSION = YES;
				CLANG_WARN_INFINITE_RECURSION = YES;
				CLANG_WARN_INT_CONVERSION = YES;
				CLANG_WARN_OBJC_ROOT_CLASS = YES_ERROR;
				CLANG_WARN_SUSPICIOUS_MOVE = YES;
				CLANG_WARN_UNREACHABLE_CODE = YES;
				CLANG_WARN__DUPLICATE_METHOD_MATCH = YES;
				"CODE_SIGN_IDENTITY[sdk=iphoneos*]" = "iPhone Developer";
				COPY_PHASE_STRIP = NO;
				CURRENT_PROJECT_VERSION = 1;
				DEBUG_INFORMATION_FORMAT = "dwarf-with-dsym";
				ENABLE_NS_ASSERTIONS = NO;
				ENABLE_STRICT_OBJC_MSGSEND = YES;
				GCC_C_LANGUAGE_STANDARD = gnu99;
				GCC_NO_COMMON_BLOCKS = YES;
				GCC_WARN_64_TO_32_BIT_CONVERSION = YES;
				GCC_WARN_ABOUT_RETURN_TYPE = YES_ERROR;
				GCC_WARN_UNDECLARED_SELECTOR = YES;
				GCC_WARN_UNINITIALIZED_AUTOS = YES_AGGRESSIVE;
				GCC_WARN_UNUSED_FUNCTION = YES;
				GCC_WARN_UNUSED_VARIABLE = YES;
				IPHONEOS_DEPLOYMENT_TARGET = 8.0;
				MTL_ENABLE_DEBUG_INFO = NO;
				SDKROOT = iphoneos;
				SWIFT_OPTIMIZATION_LEVEL = "-Owholemodule";
				TARGETED_DEVICE_FAMILY = "1,2";
				VALIDATE_PRODUCT = YES;
				VERSIONING_SYSTEM = "apple-generic";
				VERSION_INFO_PREFIX = "";
			};
			name = Release;
		};
		4F079CE41D84559200D08DA0 /* Debug */ = {
			isa = XCBuildConfiguration;
			buildSettings = {
				"CODE_SIGN_IDENTITY[sdk=iphoneos*]" = "";
				DEFINES_MODULE = YES;
				DYLIB_COMPATIBILITY_VERSION = 1;
				DYLIB_CURRENT_VERSION = 1;
				DYLIB_INSTALL_NAME_BASE = "@rpath";
				INFOPLIST_FILE = Metadata/Info.plist;
				INSTALL_PATH = "$(LOCAL_LIBRARY_DIR)/Frameworks";
				LD_RUNPATH_SEARCH_PATHS = "$(inherited) @executable_path/Frameworks @loader_path/Frameworks";
				PRODUCT_BUNDLE_IDENTIFIER = com.lucianomarisi.TABResourceLoader;
				PRODUCT_NAME = "$(TARGET_NAME)";
				SKIP_INSTALL = YES;
				SWIFT_TREAT_WARNINGS_AS_ERRORS = YES;
				SWIFT_VERSION = 3.0;
			};
			name = Debug;
		};
		4F079CE51D84559200D08DA0 /* Release */ = {
			isa = XCBuildConfiguration;
			buildSettings = {
				"CODE_SIGN_IDENTITY[sdk=iphoneos*]" = "";
				DEFINES_MODULE = YES;
				DYLIB_COMPATIBILITY_VERSION = 1;
				DYLIB_CURRENT_VERSION = 1;
				DYLIB_INSTALL_NAME_BASE = "@rpath";
				INFOPLIST_FILE = Metadata/Info.plist;
				INSTALL_PATH = "$(LOCAL_LIBRARY_DIR)/Frameworks";
				LD_RUNPATH_SEARCH_PATHS = "$(inherited) @executable_path/Frameworks @loader_path/Frameworks";
				PRODUCT_BUNDLE_IDENTIFIER = com.lucianomarisi.TABResourceLoader;
				PRODUCT_NAME = "$(TARGET_NAME)";
				SKIP_INSTALL = YES;
				SWIFT_TREAT_WARNINGS_AS_ERRORS = YES;
				SWIFT_VERSION = 3.0;
			};
			name = Release;
		};
		4F079CE71D84559200D08DA0 /* Debug */ = {
			isa = XCBuildConfiguration;
			buildSettings = {
				INFOPLIST_FILE = Tests/TABResourceLoaderTests/Metadata/Info.plist;
				LD_RUNPATH_SEARCH_PATHS = "$(inherited) @executable_path/Frameworks @loader_path/Frameworks";
				PRODUCT_BUNDLE_IDENTIFIER = com.lucianomarisi.TABResourceLoaderTests;
				PRODUCT_NAME = "$(TARGET_NAME)";
				SWIFT_VERSION = 3.0;
			};
			name = Debug;
		};
		4F079CE81D84559200D08DA0 /* Release */ = {
			isa = XCBuildConfiguration;
			buildSettings = {
				INFOPLIST_FILE = Tests/TABResourceLoaderTests/Metadata/Info.plist;
				LD_RUNPATH_SEARCH_PATHS = "$(inherited) @executable_path/Frameworks @loader_path/Frameworks";
				PRODUCT_BUNDLE_IDENTIFIER = com.lucianomarisi.TABResourceLoaderTests;
				PRODUCT_NAME = "$(TARGET_NAME)";
				SWIFT_VERSION = 3.0;
			};
			name = Release;
		};
		4F8D1FC91D8DFFD40099DD9A /* Debug */ = {
			isa = XCBuildConfiguration;
			buildSettings = {
				ASSETCATALOG_COMPILER_APPICON_NAME = AppIcon;
				CLANG_WARN_DOCUMENTATION_COMMENTS = YES;
				CLANG_WARN_SUSPICIOUS_MOVES = YES;
				DEVELOPMENT_TEAM = "";
				INFOPLIST_FILE = Example/Info.plist;
				IPHONEOS_DEPLOYMENT_TARGET = 9.0;
				LD_RUNPATH_SEARCH_PATHS = "$(inherited) @executable_path/Frameworks";
				PRODUCT_BUNDLE_IDENTIFIER = com.lucianomarisi.Example;
				PRODUCT_NAME = "$(TARGET_NAME)";
				SWIFT_ACTIVE_COMPILATION_CONDITIONS = DEBUG;
				SWIFT_VERSION = 3.0;
			};
			name = Debug;
		};
		4F8D1FCA1D8DFFD40099DD9A /* Release */ = {
			isa = XCBuildConfiguration;
			buildSettings = {
				ASSETCATALOG_COMPILER_APPICON_NAME = AppIcon;
				CLANG_WARN_DOCUMENTATION_COMMENTS = YES;
				CLANG_WARN_SUSPICIOUS_MOVES = YES;
				DEVELOPMENT_TEAM = "";
				INFOPLIST_FILE = Example/Info.plist;
				IPHONEOS_DEPLOYMENT_TARGET = 9.0;
				LD_RUNPATH_SEARCH_PATHS = "$(inherited) @executable_path/Frameworks";
				PRODUCT_BUNDLE_IDENTIFIER = com.lucianomarisi.Example;
				PRODUCT_NAME = "$(TARGET_NAME)";
				SWIFT_VERSION = 3.0;
			};
			name = Release;
		};
/* End XCBuildConfiguration section */

/* Begin XCConfigurationList section */
		4F079CC91D84559100D08DA0 /* Build configuration list for PBXProject "TABResourceLoader" */ = {
			isa = XCConfigurationList;
			buildConfigurations = (
				4F079CE11D84559200D08DA0 /* Debug */,
				4F079CE21D84559200D08DA0 /* Release */,
			);
			defaultConfigurationIsVisible = 0;
			defaultConfigurationName = Release;
		};
		4F079CE31D84559200D08DA0 /* Build configuration list for PBXNativeTarget "TABResourceLoader" */ = {
			isa = XCConfigurationList;
			buildConfigurations = (
				4F079CE41D84559200D08DA0 /* Debug */,
				4F079CE51D84559200D08DA0 /* Release */,
			);
			defaultConfigurationIsVisible = 0;
			defaultConfigurationName = Release;
		};
		4F079CE61D84559200D08DA0 /* Build configuration list for PBXNativeTarget "TABResourceLoaderTests" */ = {
			isa = XCConfigurationList;
			buildConfigurations = (
				4F079CE71D84559200D08DA0 /* Debug */,
				4F079CE81D84559200D08DA0 /* Release */,
			);
			defaultConfigurationIsVisible = 0;
			defaultConfigurationName = Release;
		};
		4F8D1FCB1D8DFFD40099DD9A /* Build configuration list for PBXNativeTarget "Example" */ = {
			isa = XCConfigurationList;
			buildConfigurations = (
				4F8D1FC91D8DFFD40099DD9A /* Debug */,
				4F8D1FCA1D8DFFD40099DD9A /* Release */,
			);
			defaultConfigurationIsVisible = 0;
			defaultConfigurationName = Release;
		};
/* End XCConfigurationList section */
	};
	rootObject = 4F079CC61D84559100D08DA0 /* Project object */;
}
